
Microsoft Visual Studio Solution File, Format Version 11.00
# Visual Studio 2010
# SharpDevelop 5.1
Project("{FAE04EC0-301F-11D3-BF4B-00C04F79EFBC}") = "TextMarkerSample", "TextMarkerSample\TextMarkerSample.csproj", "{D685039D-6875-41F8-842E-57F807DA6298}"
EndProject
Global
	GlobalSection(SolutionConfigurationPlatforms) = preSolution
		Debug|Any CPU = Debug|Any CPU
		Release|Any CPU = Release|Any CPU
	EndGlobalSection
	GlobalSection(ProjectConfigurationPlatforms) = postSolution
		{D685039D-6875-41F8-842E-57F807DA6298}.Debug|Any CPU.ActiveCfg = Debug|Any CPU
		{D685039D-6875-41F8-842E-57F807DA6298}.Debug|Any CPU.Build.0 = Debug|Any CPU
		{D685039D-6875-41F8-842E-57F807DA6298}.Release|Any CPU.ActiveCfg = Release|Any CPU
		{D685039D-6875-41F8-842E-57F807DA6298}.Release|Any CPU.Build.0 = Release|Any CPU
	EndGlobalSection
EndGlobal
